
Microsoft Visual Studio Solution File, Format Version 12.00
Project("{FAE04EC0-301F-11D3-BF4B-00C04F79EFBC}") = "BlogApi", "BlogApi\BlogApi.csproj", "{73AAEDEC-A1A0-4921-AF10-03884895D39C}"
EndProject
Global
	GlobalSection(SolutionConfigurationPlatforms) = preSolution
		Debug|Any CPU = Debug|Any CPU
		Release|Any CPU = Release|Any CPU
	EndGlobalSection
	GlobalSection(ProjectConfigurationPlatforms) = postSolution
		{73AAEDEC-A1A0-4921-AF10-03884895D39C}.Debug|Any CPU.ActiveCfg = Debug|Any CPU
		{73AAEDEC-A1A0-4921-AF10-03884895D39C}.Debug|Any CPU.Build.0 = Debug|Any CPU
		{73AAEDEC-A1A0-4921-AF10-03884895D39C}.Release|Any CPU.ActiveCfg = Release|Any CPU
		{73AAEDEC-A1A0-4921-AF10-03884895D39C}.Release|Any CPU.Build.0 = Release|Any CPU
	EndGlobalSection
EndGlobal
